<?xml version="1.0" encoding="utf-8"?>
<Project ToolsVersion="4.0" xmlns="http://schemas.microsoft.com/developer/msbuild/2003">
  <ItemGroup>
    <Filter Include="examples">
      <UniqueIdentifier>{a381d558-c161-4129-80a6-1e4f71cc4367}</UniqueIdentifier>
    </Filter>
    <Filter Include="jbl">
      <UniqueIdentifier>{0f0afc08-d0d7-4615-b243-919383f4e7a8}</UniqueIdentifier>
    </Filter>
  </ItemGroup>
  <ItemGroup>
    <ClCompile Include="jbl\jbl_aes.c">
      <Filter>jbl</Filter>
    </ClCompile>
    <ClCompile Include="jbl\jbl_aes_hard.c">
      <Filter>jbl</Filter>
    </ClCompile>
    <ClCompile Include="jbl\jbl_aes_soft.c">
      <Filter>jbl</Filter>
    </ClCompile>
    <ClCompile Include="jbl\jbl_array.c">
      <Filter>jbl</Filter>
    </ClCompile>
    <ClCompile Include="jbl\jbl_base64.c">
      <Filter>jbl</Filter>
    </ClCompile>
    <ClCompile Include="jbl\jbl_bitset.c">
      <Filter>jbl</Filter>
    </ClCompile>
    <ClCompile Include="jbl\jbl_cmd.c">
      <Filter>jbl</Filter>
    </ClCompile>
    <ClCompile Include="jbl\jbl_endian.c">
      <Filter>jbl</Filter>
    </ClCompile>
    <ClCompile Include="jbl\jbl_exception.c">
      <Filter>jbl</Filter>
    </ClCompile>
    <ClCompile Include="jbl\jbl_file.c">
      <Filter>jbl</Filter>
    </ClCompile>
    <ClCompile Include="jbl\jbl_file_ct.c">
      <Filter>jbl</Filter>
    </ClCompile>
    <ClCompile Include="jbl\jbl_gc.c">
      <Filter>jbl</Filter>
    </ClCompile>
    <ClCompile Include="jbl\jbl_ht.c">
      <Filter>jbl</Filter>
    </ClCompile>
    <ClCompile Include="jbl\jbl_ll.c">
      <Filter>jbl</Filter>
    </ClCompile>
    <ClCompile Include="jbl\jbl_log.c">
      <Filter>jbl</Filter>
    </ClCompile>
    <ClCompile Include="jbl\jbl_malloc.c">
      <Filter>jbl</Filter>
    </ClCompile>
    <ClCompile Include="jbl\jbl_malloc_fast.c">
      <Filter>jbl</Filter>
    </ClCompile>
    <ClCompile Include="jbl\jbl_md5.c">
      <Filter>jbl</Filter>
    </ClCompile>
    <ClCompile Include="jbl\jbl_rand.c">
      <Filter>jbl</Filter>
    </ClCompile>
    <ClCompile Include="jbl\jbl_sha1.c">
      <Filter>jbl</Filter>
    </ClCompile>
    <ClCompile Include="jbl\jbl_stream.c">
      <Filter>jbl</Filter>
    </ClCompile>
    <ClCompile Include="jbl\jbl_string.c">
      <Filter>jbl</Filter>
    </ClCompile>
    <ClCompile Include="jbl\jbl_string_cc.c">
      <Filter>jbl</Filter>
    </ClCompile>
    <ClCompile Include="jbl\jbl_time.c">
      <Filter>jbl</Filter>
    </ClCompile>
    <ClCompile Include="jbl\jbl_var.c">
      <Filter>jbl</Filter>
    </ClCompile>
    <ClCompile Include="jbl\jbl_var_data.c">
      <Filter>jbl</Filter>
    </ClCompile>
    <ClCompile Include="jbl\jbl_ying.c">
      <Filter>jbl</Filter>
    </ClCompile>
    <ClCompile Include="examples\aes.c">
      <Filter>examples</Filter>
    </ClCompile>
  </ItemGroup>
  <ItemGroup>
    <ClInclude Include="jbl\jbl_aes.h">
      <Filter>jbl</Filter>
    </ClInclude>
    <ClInclude Include="jbl\jbl_aes_config.h">
      <Filter>jbl</Filter>
    </ClInclude>
    <ClInclude Include="jbl\jbl_array.h">
      <Filter>jbl</Filter>
    </ClInclude>
    <ClInclude Include="jbl\jbl_array_config.h">
      <Filter>jbl</Filter>
    </ClInclude>
    <ClInclude Include="jbl\jbl_base64.h">
      <Filter>jbl</Filter>
    </ClInclude>
    <ClInclude Include="jbl\jbl_base64_config.h">
      <Filter>jbl</Filter>
    </ClInclude>
    <ClInclude Include="jbl\jbl_bitset.h">
      <Filter>jbl</Filter>
    </ClInclude>
    <ClInclude Include="jbl\jbl_bitset_config.h">
      <Filter>jbl</Filter>
    </ClInclude>
    <ClInclude Include="jbl\jbl_cmd.h">
      <Filter>jbl</Filter>
    </ClInclude>
    <ClInclude Include="jbl\jbl_config.h">
      <Filter>jbl</Filter>
    </ClInclude>
    <ClInclude Include="jbl\jbl_cmd_config.h">
      <Filter>jbl</Filter>
    </ClInclude>
    <ClInclude Include="jbl\jbl_endian.h">
      <Filter>jbl</Filter>
    </ClInclude>
    <ClInclude Include="jbl\jbl_endian_config.h">
      <Filter>jbl</Filter>
    </ClInclude>
    <ClInclude Include="jbl\jbl_exception.h">
      <Filter>jbl</Filter>
    </ClInclude>
    <ClInclude Include="jbl\jbl_exception_config.h">
      <Filter>jbl</Filter>
    </ClInclude>
    <ClInclude Include="jbl\jbl_file.h">
      <Filter>jbl</Filter>
    </ClInclude>
    <ClInclude Include="jbl\jbl_file_config.h">
      <Filter>jbl</Filter>
    </ClInclude>
    <ClInclude Include="jbl\jbl_file_ct.h">
      <Filter>jbl</Filter>
    </ClInclude>
    <ClInclude Include="jbl\jbl_gc.h">
      <Filter>jbl</Filter>
    </ClInclude>
    <ClInclude Include="jbl\jbl_gc_config.h">
      <Filter>jbl</Filter>
    </ClInclude>
    <ClInclude Include="jbl\jbl_ht.h">
      <Filter>jbl</Filter>
    </ClInclude>
    <ClInclude Include="jbl\jbl_ht_config.h">
      <Filter>jbl</Filter>
    </ClInclude>
    <ClInclude Include="jbl\jbl_include.h">
      <Filter>jbl</Filter>
    </ClInclude>
    <ClInclude Include="jbl\jbl_ll.h">
      <Filter>jbl</Filter>
    </ClInclude>
    <ClInclude Include="jbl\jbl_ll_config.h">
      <Filter>jbl</Filter>
    </ClInclude>
    <ClInclude Include="jbl\jbl_log.h">
      <Filter>jbl</Filter>
    </ClInclude>
    <ClInclude Include="jbl\jbl_log_config.h">
      <Filter>jbl</Filter>
    </ClInclude>
    <ClInclude Include="jbl\jbl_malloc.h">
      <Filter>jbl</Filter>
    </ClInclude>
    <ClInclude Include="jbl\jbl_malloc_config.h">
      <Filter>jbl</Filter>
    </ClInclude>
    <ClInclude Include="jbl\jbl_md5.h">
      <Filter>jbl</Filter>
    </ClInclude>
    <ClInclude Include="jbl\jbl_md5_config.h">
      <Filter>jbl</Filter>
    </ClInclude>
    <ClInclude Include="jbl\jbl_rand_config.h">
      <Filter>jbl</Filter>
    </ClInclude>
    <ClInclude Include="jbl\jbl_sha1.h">
      <Filter>jbl</Filter>
    </ClInclude>
    <ClInclude Include="jbl\jbl_rand.h">
      <Filter>jbl</Filter>
    </ClInclude>
    <ClInclude Include="jbl\jbl_sha1_config.h">
      <Filter>jbl</Filter>
    </ClInclude>
    <ClInclude Include="jbl\jbl_stream.h">
      <Filter>jbl</Filter>
    </ClInclude>
    <ClInclude Include="jbl\jbl_stream_config.h">
      <Filter>jbl</Filter>
    </ClInclude>
    <ClInclude Include="jbl\jbl_string_cc.h">
      <Filter>jbl</Filter>
    </ClInclude>
    <ClInclude Include="jbl\jbl_string.h">
      <Filter>jbl</Filter>
    </ClInclude>
    <ClInclude Include="jbl\jbl_string_cc_table.h">
      <Filter>jbl</Filter>
    </ClInclude>
    <ClInclude Include="jbl\jbl_time.h">
      <Filter>jbl</Filter>
    </ClInclude>
    <ClInclude Include="jbl\jbl_string_config.h">
      <Filter>jbl</Filter>
    </ClInclude>
    <ClInclude Include="jbl\jbl_time_config.h">
      <Filter>jbl</Filter>
    </ClInclude>
    <ClInclude Include="jbl\jbl_var.h">
      <Filter>jbl</Filter>
    </ClInclude>
    <ClInclude Include="jbl\jbl_var_config.h">
      <Filter>jbl</Filter>
    </ClInclude>
    <ClInclude Include="jbl\jbl_var_data.h">
      <Filter>jbl</Filter>
    </ClInclude>
    <ClInclude Include="jbl\jbl_ying.h">
      <Filter>jbl</Filter>
    </ClInclude>
    <ClInclude Include="jbl\jbl_ying_config.h">
      <Filter>jbl</Filter>
    </ClInclude>
    <ClInclude Include="examples\include.h">
      <Filter>examples</Filter>
    </ClInclude>
    <ClInclude Include="examples\main.h">
      <Filter>examples</Filter>
    </ClInclude>
  </ItemGroup>
  <ItemGroup>
    <None Include="jbl\jbl_file_ct.js">
      <Filter>jbl</Filter>
    </None>
    <None Include="jbl\jbl_string_cc_table.db">
      <Filter>jbl</Filter>
    </None>
    <None Include="jbl\jbl_time.l">
      <Filter>jbl</Filter>
    </None>
    <None Include="jbl\jbl_var.l">
      <Filter>jbl</Filter>
    </None>
    <None Include="jbl\makefile">
      <Filter>jbl</Filter>
    </None>
  </ItemGroup>
</Project>